// !$*UTF8*$!
{
	archiveVersion = 1;
	classes = {
	};
	objectVersion = 50;
	objects = {

/* Begin PBXBuildFile section */
		8B5C9250C71F13C44F54804D /* Pods_Weather.framework in Frameworks */ = {isa = PBXBuildFile; fileRef = 6E7EA59AE5D750D6D03DE189 /* Pods_Weather.framework */; };
		9A611BCD23116FB8002B3559 /* AppDelegate.swift in Sources */ = {isa = PBXBuildFile; fileRef = 9A611BCC23116FB8002B3559 /* AppDelegate.swift */; };
		9A611BCF23116FB8002B3559 /* ViewController.swift in Sources */ = {isa = PBXBuildFile; fileRef = 9A611BCE23116FB8002B3559 /* ViewController.swift */; };
		9A611BD223116FB8002B3559 /* Main.storyboard in Resources */ = {isa = PBXBuildFile; fileRef = 9A611BD023116FB8002B3559 /* Main.storyboard */; };
		9A611BD423116FBE002B3559 /* Assets.xcassets in Resources */ = {isa = PBXBuildFile; fileRef = 9A611BD323116FBE002B3559 /* Assets.xcassets */; };
		9A611BD723116FBE002B3559 /* LaunchScreen.storyboard in Resources */ = {isa = PBXBuildFile; fileRef = 9A611BD523116FBE002B3559 /* LaunchScreen.storyboard */; };
		9A611BE123117252002B3559 /* Weather.swift in Sources */ = {isa = PBXBuildFile; fileRef = 9A611BE023117252002B3559 /* Weather.swift */; };
		9A9A31AF2312D9CF00C0C71E /* InternalCell.swift in Sources */ = {isa = PBXBuildFile; fileRef = 9A9A31AE2312D9CF00C0C71E /* InternalCell.swift */; };
		9AF2D9E323129C770006D19E /* WeatherCell.swift in Sources */ = {isa = PBXBuildFile; fileRef = 9AF2D9E223129C770006D19E /* WeatherCell.swift */; };
		9AF2D9E52312B6D20006D19E /* WeatherHeaderView.swift in Sources */ = {isa = PBXBuildFile; fileRef = 9AF2D9E42312B6D20006D19E /* WeatherHeaderView.swift */; };
/* End PBXBuildFile section */

/* Begin PBXFileReference section */
		3441E994F96525B5058B5DAF /* Pods-Weather.debug.xcconfig */ = {isa = PBXFileReference; includeInIndex = 1; lastKnownFileType = text.xcconfig; name = "Pods-Weather.debug.xcconfig"; path = "Target Support Files/Pods-Weather/Pods-Weather.debug.xcconfig"; sourceTree = "<group>"; };
		6E7EA59AE5D750D6D03DE189 /* Pods_Weather.framework */ = {isa = PBXFileReference; explicitFileType = wrapper.framework; includeInIndex = 0; path = Pods_Weather.framework; sourceTree = BUILT_PRODUCTS_DIR; };
		9A611BC923116FB8002B3559 /* Weather.app */ = {isa = PBXFileReference; explicitFileType = wrapper.application; includeInIndex = 0; path = Weather.app; sourceTree = BUILT_PRODUCTS_DIR; };
		9A611BCC23116FB8002B3559 /* AppDelegate.swift */ = {isa = PBXFileReference; lastKnownFileType = sourcecode.swift; path = AppDelegate.swift; sourceTree = "<group>"; };
		9A611BCE23116FB8002B3559 /* ViewController.swift */ = {isa = PBXFileReference; lastKnownFileType = sourcecode.swift; path = ViewController.swift; sourceTree = "<group>"; };
		9A611BD123116FB8002B3559 /* Base */ = {isa = PBXFileReference; lastKnownFileType = file.storyboard; name = Base; path = Base.lproj/Main.storyboard; sourceTree = "<group>"; };
		9A611BD323116FBE002B3559 /* Assets.xcassets */ = {isa = PBXFileReference; lastKnownFileType = folder.assetcatalog; path = Assets.xcassets; sourceTree = "<group>"; };
		9A611BD623116FBE002B3559 /* Base */ = {isa = PBXFileReference; lastKnownFileType = file.storyboard; name = Base; path = Base.lproj/LaunchScreen.storyboard; sourceTree = "<group>"; };
		9A611BD823116FBE002B3559 /* Info.plist */ = {isa = PBXFileReference; lastKnownFileType = text.plist.xml; path = Info.plist; sourceTree = "<group>"; };
		9A611BE023117252002B3559 /* Weather.swift */ = {isa = PBXFileReference; lastKnownFileType = sourcecode.swift; path = Weather.swift; sourceTree = "<group>"; };
		9A9A31AE2312D9CF00C0C71E /* InternalCell.swift */ = {isa = PBXFileReference; lastKnownFileType = sourcecode.swift; path = InternalCell.swift; sourceTree = "<group>"; };
		9AF2D9E223129C770006D19E /* WeatherCell.swift */ = {isa = PBXFileReference; lastKnownFileType = sourcecode.swift; name = WeatherCell.swift; path = Weather/View/WeatherCell.swift; sourceTree = SOURCE_ROOT; };
		9AF2D9E42312B6D20006D19E /* WeatherHeaderView.swift */ = {isa = PBXFileReference; lastKnownFileType = sourcecode.swift; name = WeatherHeaderView.swift; path = Weather/View/WeatherHeaderView.swift; sourceTree = SOURCE_ROOT; };
		E06B3E94CAEFECEB79B8185E /* Pods-Weather.release.xcconfig */ = {isa = PBXFileReference; includeInIndex = 1; lastKnownFileType = text.xcconfig; name = "Pods-Weather.release.xcconfig"; path = "Target Support Files/Pods-Weather/Pods-Weather.release.xcconfig"; sourceTree = "<group>"; };
/* End PBXFileReference section */

/* Begin PBXFrameworksBuildPhase section */
		9A611BC623116FB8002B3559 /* Frameworks */ = {
			isa = PBXFrameworksBuildPhase;
			buildActionMask = 2147483647;
			files = (
				8B5C9250C71F13C44F54804D /* Pods_Weather.framework in Frameworks */,
			);
			runOnlyForDeploymentPostprocessing = 0;
		};
/* End PBXFrameworksBuildPhase section */

/* Begin PBXGroup section */
		433001DB74493B4C913F5610 /* Frameworks */ = {
			isa = PBXGroup;
			children = (
				6E7EA59AE5D750D6D03DE189 /* Pods_Weather.framework */,
			);
			name = Frameworks;
			sourceTree = "<group>";
		};
		985DCDDFE52EB7DA66BF2201 /* Pods */ = {
			isa = PBXGroup;
			children = (
				3441E994F96525B5058B5DAF /* Pods-Weather.debug.xcconfig */,
				E06B3E94CAEFECEB79B8185E /* Pods-Weather.release.xcconfig */,
			);
			name = Pods;
			path = Pods;
			sourceTree = "<group>";
		};
		9A611BC023116FB7002B3559 = {
			isa = PBXGroup;
			children = (
				9A611BCB23116FB8002B3559 /* Weather */,
				9A611BCA23116FB8002B3559 /* Products */,
				985DCDDFE52EB7DA66BF2201 /* Pods */,
				433001DB74493B4C913F5610 /* Frameworks */,
			);
			sourceTree = "<group>";
		};
		9A611BCA23116FB8002B3559 /* Products */ = {
			isa = PBXGroup;
			children = (
				9A611BC923116FB8002B3559 /* Weather.app */,
			);
			name = Products;
			sourceTree = "<group>";
		};
		9A611BCB23116FB8002B3559 /* Weather */ = {
			isa = PBXGroup;
			children = (
				9A611BCC23116FB8002B3559 /* AppDelegate.swift */,
				9A611BD323116FBE002B3559 /* Assets.xcassets */,
				9A611BD823116FBE002B3559 /* Info.plist */,
				9AF2D9E123129BDE0006D19E /* View */,
				9A611BE22311725D002B3559 /* Model */,
				9A611BDE231171E3002B3559 /* Controllers */,
				9A611BDF23117216002B3559 /* Storyboards */,
			);
			path = Weather;
			sourceTree = "<group>";
		};
		9A611BDE231171E3002B3559 /* Controllers */ = {
			isa = PBXGroup;
			children = (
				9A611BCE23116FB8002B3559 /* ViewController.swift */,
			);
			path = Controllers;
			sourceTree = "<group>";
		};
		9A611BDF23117216002B3559 /* Storyboards */ = {
			isa = PBXGroup;
			children = (
				9A611BD523116FBE002B3559 /* LaunchScreen.storyboard */,
				9A611BD023116FB8002B3559 /* Main.storyboard */,
			);
			path = Storyboards;
			sourceTree = "<group>";
		};
		9A611BE22311725D002B3559 /* Model */ = {
			isa = PBXGroup;
			children = (
				9A611BE023117252002B3559 /* Weather.swift */,
			);
			path = Model;
			sourceTree = "<group>";
		};
		9AF2D9E123129BDE0006D19E /* View */ = {
			isa = PBXGroup;
			children = (
				9A9A31AE2312D9CF00C0C71E /* InternalCell.swift */,
				9AF2D9E223129C770006D19E /* WeatherCell.swift */,
				9AF2D9E42312B6D20006D19E /* WeatherHeaderView.swift */,
			);
			path = View;
			sourceTree = "<group>";
		};
/* End PBXGroup section */

/* Begin PBXNativeTarget section */
		9A611BC823116FB8002B3559 /* Weather */ = {
			isa = PBXNativeTarget;
			buildConfigurationList = 9A611BDB23116FBE002B3559 /* Build configuration list for PBXNativeTarget "Weather" */;
			buildPhases = (
				1A7E3FA133D072B312FB8E38 /* [CP] Check Pods Manifest.lock */,
				9A611BC523116FB8002B3559 /* Sources */,
				9A611BC623116FB8002B3559 /* Frameworks */,
				9A611BC723116FB8002B3559 /* Resources */,
				CA66333A78E498D480459336 /* [CP] Embed Pods Frameworks */,
			);
			buildRules = (
			);
			dependencies = (
			);
			name = Weather;
			productName = Weather;
			productReference = 9A611BC923116FB8002B3559 /* Weather.app */;
			productType = "com.apple.product-type.application";
		};
/* End PBXNativeTarget section */

/* Begin PBXProject section */
		9A611BC123116FB7002B3559 /* Project object */ = {
			isa = PBXProject;
			attributes = {
				LastSwiftUpdateCheck = 1020;
				LastUpgradeCheck = 1020;
				ORGANIZATIONNAME = "Artur Sokolov";
				TargetAttributes = {
					9A611BC823116FB8002B3559 = {
						CreatedOnToolsVersion = 10.2.1;
					};
				};
			};
			buildConfigurationList = 9A611BC423116FB7002B3559 /* Build configuration list for PBXProject "Weather" */;
			compatibilityVersion = "Xcode 9.3";
			developmentRegion = en;
			hasScannedForEncodings = 0;
			knownRegions = (
				en,
				Base,
			);
			mainGroup = 9A611BC023116FB7002B3559;
			productRefGroup = 9A611BCA23116FB8002B3559 /* Products */;
			projectDirPath = "";
			projectRoot = "";
			targets = (
				9A611BC823116FB8002B3559 /* Weather */,
			);
		};
/* End PBXProject section */

/* Begin PBXResourcesBuildPhase section */
		9A611BC723116FB8002B3559 /* Resources */ = {
			isa = PBXResourcesBuildPhase;
			buildActionMask = 2147483647;
			files = (
				9A611BD723116FBE002B3559 /* LaunchScreen.storyboard in Resources */,
				9A611BD423116FBE002B3559 /* Assets.xcassets in Resources */,
				9A611BD223116FB8002B3559 /* Main.storyboard in Resources */,
			);
			runOnlyForDeploymentPostprocessing = 0;
		};
/* End PBXResourcesBuildPhase section */

/* Begin PBXShellScriptBuildPhase section */
		1A7E3FA133D072B312FB8E38 /* [CP] Check Pods Manifest.lock */ = {
			isa = PBXShellScriptBuildPhase;
			buildActionMask = 2147483647;
			files = (
			);
			inputFileListPaths = (
			);
			inputPaths = (
				"${PODS_PODFILE_DIR_PATH}/Podfile.lock",
				"${PODS_ROOT}/Manifest.lock",
			);
			name = "[CP] Check Pods Manifest.lock";
			outputFileListPaths = (
			);
			outputPaths = (
				"$(DERIVED_FILE_DIR)/Pods-Weather-checkManifestLockResult.txt",
			);
			runOnlyForDeploymentPostprocessing = 0;
			shellPath = /bin/sh;
			shellScript = "diff \"${PODS_PODFILE_DIR_PATH}/Podfile.lock\" \"${PODS_ROOT}/Manifest.lock\" > /dev/null\nif [ $? != 0 ] ; then\n    # print error to STDERR\n    echo \"error: The sandbox is not in sync with the Podfile.lock. Run 'pod install' or update your CocoaPods installation.\" >&2\n    exit 1\nfi\n# This output is used by Xcode 'outputs' to avoid re-running this script phase.\necho \"SUCCESS\" > \"${SCRIPT_OUTPUT_FILE_0}\"\n";
			showEnvVarsInLog = 0;
		};
		CA66333A78E498D480459336 /* [CP] Embed Pods Frameworks */ = {
			isa = PBXShellScriptBuildPhase;
			buildActionMask = 2147483647;
			files = (
			);
			inputFileListPaths = (
				"${PODS_ROOT}/Target Support Files/Pods-Weather/Pods-Weather-frameworks-${CONFIGURATION}-input-files.xcfilelist",
			);
			name = "[CP] Embed Pods Frameworks";
			outputFileListPaths = (
				"${PODS_ROOT}/Target Support Files/Pods-Weather/Pods-Weather-frameworks-${CONFIGURATION}-output-files.xcfilelist",
			);
			runOnlyForDeploymentPostprocessing = 0;
			shellPath = /bin/sh;
			shellScript = "\"${PODS_ROOT}/Target Support Files/Pods-Weather/Pods-Weather-frameworks.sh\"\n";
			showEnvVarsInLog = 0;
		};
/* End PBXShellScriptBuildPhase section */

/* Begin PBXSourcesBuildPhase section */
		9A611BC523116FB8002B3559 /* Sources */ = {
			isa = PBXSourcesBuildPhase;
			buildActionMask = 2147483647;
			files = (
				9AF2D9E52312B6D20006D19E /* WeatherHeaderView.swift in Sources */,
				9AF2D9E323129C770006D19E /* WeatherCell.swift in Sources */,
				9A9A31AF2312D9CF00C0C71E /* InternalCell.swift in Sources */,
				9A611BCF23116FB8002B3559 /* ViewController.swift in Sources */,
				9A611BE123117252002B3559 /* Weather.swift in Sources */,
				9A611BCD23116FB8002B3559 /* AppDelegate.swift in Sources */,
			);
			runOnlyForDeploymentPostprocessing = 0;
		};
/* End PBXSourcesBuildPhase section */

/* Begin PBXVariantGroup section */
		9A611BD023116FB8002B3559 /* Main.storyboard */ = {
			isa = PBXVariantGroup;
			children = (
				9A611BD123116FB8002B3559 /* Base */,
			);
			name = Main.storyboard;
			sourceTree = "<group>";
		};
		9A611BD523116FBE002B3559 /* LaunchScreen.storyboard */ = {
			isa = PBXVariantGroup;
			children = (
				9A611BD623116FBE002B3559 /* Base */,
			);
			name = LaunchScreen.storyboard;
			sourceTree = "<group>";
		};
/* End PBXVariantGroup section */

/* Begin XCBuildConfiguration section */
		9A611BD923116FBE002B3559 /* Debug */ = {
			isa = XCBuildConfiguration;
			buildSettings = {
				ALWAYS_SEARCH_USER_PATHS = NO;
				CLANG_ANALYZER_NONNULL = YES;
				CLANG_ANALYZER_NUMBER_OBJECT_CONVERSION = YES_AGGRESSIVE;
				CLANG_CXX_LANGUAGE_STANDARD = "gnu++14";
				CLANG_CXX_LIBRARY = "libc++";
				CLANG_ENABLE_MODULES = YES;
				CLANG_ENABLE_OBJC_ARC = YES;
				CLANG_ENABLE_OBJC_WEAK = YES;
				CLANG_WARN_BLOCK_CAPTURE_AUTORELEASING = YES;
				CLANG_WARN_BOOL_CONVERSION = YES;
				CLANG_WARN_COMMA = YES;
				CLANG_WARN_CONSTANT_CONVERSION = YES;
				CLANG_WARN_DEPRECATED_OBJC_IMPLEMENTATIONS = YES;
				CLANG_WARN_DIRECT_OBJC_ISA_USAGE = YES_ERROR;
				CLANG_WARN_DOCUMENTATION_COMMENTS = YES;
				CLANG_WARN_EMPTY_BODY = YES;
				CLANG_WARN_ENUM_CONVERSION = YES;
				CLANG_WARN_INFINITE_RECURSION = YES;
				CLANG_WARN_INT_CONVERSION = YES;
				CLANG_WARN_NON_LITERAL_NULL_CONVERSION = YES;
				CLANG_WARN_OBJC_IMPLICIT_RETAIN_SELF = YES;
				CLANG_WARN_OBJC_LITERAL_CONVERSION = YES;
				CLANG_WARN_OBJC_ROOT_CLASS = YES_ERROR;
				CLANG_WARN_RANGE_LOOP_ANALYSIS = YES;
				CLANG_WARN_STRICT_PROTOTYPES = YES;
				CLANG_WARN_SUSPICIOUS_MOVE = YES;
				CLANG_WARN_UNGUARDED_AVAILABILITY = YES_AGGRESSIVE;
				CLANG_WARN_UNREACHABLE_CODE = YES;
				CLANG_WARN__DUPLICATE_METHOD_MATCH = YES;
				CODE_SIGN_IDENTITY = "iPhone Developer";
				COPY_PHASE_STRIP = NO;
				DEBUG_INFORMATION_FORMAT = dwarf;
				ENABLE_STRICT_OBJC_MSGSEND = YES;
				ENABLE_TESTABILITY = YES;
				GCC_C_LANGUAGE_STANDARD = gnu11;
				GCC_DYNAMIC_NO_PIC = NO;
				GCC_NO_COMMON_BLOCKS = YES;
				GCC_OPTIMIZATION_LEVEL = 0;
				GCC_PREPROCESSOR_DEFINITIONS = (
					"DEBUG=1",
					"$(inherited)",
				);
				GCC_WARN_64_TO_32_BIT_CONVERSION = YES;
				GCC_WARN_ABOUT_RETURN_TYPE = YES_ERROR;
				GCC_WARN_UNDECLARED_SELECTOR = YES;
				GCC_WARN_UNINITIALIZED_AUTOS = YES_AGGRESSIVE;
				GCC_WARN_UNUSED_FUNCTION = YES;
				GCC_WARN_UNUSED_VARIABLE = YES;
				IPHONEOS_DEPLOYMENT_TARGET = 12.2;
				MTL_ENABLE_DEBUG_INFO = INCLUDE_SOURCE;
				MTL_FAST_MATH = YES;
				ONLY_ACTIVE_ARCH = YES;
				SDKROOT = iphoneos;
				SWIFT_ACTIVE_COMPILATION_CONDITIONS = DEBUG;
				SWIFT_OPTIMIZATION_LEVEL = "-Onone";
			};
			name = Debug;
		};
		9A611BDA23116FBE002B3559 /* Release */ = {
			isa = XCBuildConfiguration;
			buildSettings = {
				ALWAYS_SEARCH_USER_PATHS = NO;
				CLANG_ANALYZER_NONNULL = YES;
				CLANG_ANALYZER_NUMBER_OBJECT_CONVERSION = YES_AGGRESSIVE;
				CLANG_CXX_LANGUAGE_STANDARD = "gnu++14";
				CLANG_CXX_LIBRARY = "libc++";
				CLANG_ENABLE_MODULES = YES;
				CLANG_ENABLE_OBJC_ARC = YES;
				CLANG_ENABLE_OBJC_WEAK = YES;
				CLANG_WARN_BLOCK_CAPTURE_AUTORELEASING = YES;
				CLANG_WARN_BOOL_CONVERSION = YES;
				CLANG_WARN_COMMA = YES;
				CLANG_WARN_CONSTANT_CONVERSION = YES;
				CLANG_WARN_DEPRECATED_OBJC_IMPLEMENTATIONS = YES;
				CLANG_WARN_DIRECT_OBJC_ISA_USAGE = YES_ERROR;
				CLANG_WARN_DOCUMENTATION_COMMENTS = YES;
				CLANG_WARN_EMPTY_BODY = YES;
				CLANG_WARN_ENUM_CONVERSION = YES;
				CLANG_WARN_INFINITE_RECURSION = YES;
				CLANG_WARN_INT_CONVERSION = YES;
				CLANG_WARN_NON_LITERAL_NULL_CONVERSION = YES;
				CLANG_WARN_OBJC_IMPLICIT_RETAIN_SELF = YES;
				CLANG_WARN_OBJC_LITERAL_CONVERSION = YES;
				CLANG_WARN_OBJC_ROOT_CLASS = YES_ERROR;
				CLANG_WARN_RANGE_LOOP_ANALYSIS = YES;
				CLANG_WARN_STRICT_PROTOTYPES = YES;
				CLANG_WARN_SUSPICIOUS_MOVE = YES;
				CLANG_WARN_UNGUARDED_AVAILABILITY = YES_AGGRESSIVE;
				CLANG_WARN_UNREACHABLE_CODE = YES;
				CLANG_WARN__DUPLICATE_METHOD_MATCH = YES;
				CODE_SIGN_IDENTITY = "iPhone Developer";
				COPY_PHASE_STRIP = NO;
				DEBUG_INFORMATION_FORMAT = "dwarf-with-dsym";
				ENABLE_NS_ASSERTIONS = NO;
				ENABLE_STRICT_OBJC_MSGSEND = YES;
				GCC_C_LANGUAGE_STANDARD = gnu11;
				GCC_NO_COMMON_BLOCKS = YES;
				GCC_WARN_64_TO_32_BIT_CONVERSION = YES;
				GCC_WARN_ABOUT_RETURN_TYPE = YES_ERROR;
				GCC_WARN_UNDECLARED_SELECTOR = YES;
				GCC_WARN_UNINITIALIZED_AUTOS = YES_AGGRESSIVE;
				GCC_WARN_UNUSED_FUNCTION = YES;
				GCC_WARN_UNUSED_VARIABLE = YES;
				IPHONEOS_DEPLOYMENT_TARGET = 12.2;
				MTL_ENABLE_DEBUG_INFO = NO;
				MTL_FAST_MATH = YES;
				SDKROOT = iphoneos;
				SWIFT_COMPILATION_MODE = wholemodule;
				SWIFT_OPTIMIZATION_LEVEL = "-O";
				VALIDATE_PRODUCT = YES;
			};
			name = Release;
		};
		9A611BDC23116FBE002B3559 /* Debug */ = {
			isa = XCBuildConfiguration;
			baseConfigurationReference = 3441E994F96525B5058B5DAF /* Pods-Weather.debug.xcconfig */;
			buildSettings = {
				ASSETCATALOG_COMPILER_APPICON_NAME = AppIcon;
				CODE_SIGN_STYLE = Automatic;
				DEVELOPMENT_TEAM = VZ2WU5BVYA;
				INFOPLIST_FILE = Weather/Info.plist;
				IPHONEOS_DEPLOYMENT_TARGET = 12.0;
				LD_RUNPATH_SEARCH_PATHS = (
					"$(inherited)",
					"@executable_path/Frameworks",
				);
				PRODUCT_BUNDLE_IDENTIFIER = Barhishtan.Ink.Weather;
				PRODUCT_NAME = "$(TARGET_NAME)";
				SWIFT_VERSION = 5.0;
				TARGETED_DEVICE_FAMILY = 1;
			};
			name = Debug;
		};
		9A611BDD23116FBE002B3559 /* Release */ = {
			isa = XCBuildConfiguration;
			baseConfigurationReference = E06B3E94CAEFECEB79B8185E /* Pods-Weather.release.xcconfig */;
			buildSettings = {
				ASSETCATALOG_COMPILER_APPICON_NAME = AppIcon;
				CODE_SIGN_STYLE = Automatic;
				DEVELOPMENT_TEAM = VZ2WU5BVYA;
				INFOPLIST_FILE = Weather/Info.plist;
				IPHONEOS_DEPLOYMENT_TARGET = 12.0;
				LD_RUNPATH_SEARCH_PATHS = (
					"$(inherited)",
					"@executable_path/Frameworks",
				);
				PRODUCT_BUNDLE_IDENTIFIER = Barhishtan.Ink.Weather;
				PRODUCT_NAME = "$(TARGET_NAME)";
				SWIFT_VERSION = 5.0;
				TARGETED_DEVICE_FAMILY = 1;
			};
			name = Release;
		};
/* End XCBuildConfiguration section */

/* Begin XCConfigurationList section */
		9A611BC423116FB7002B3559 /* Build configuration list for PBXProject "Weather" */ = {
			isa = XCConfigurationList;
			buildConfigurations = (
				9A611BD923116FBE002B3559 /* Debug */,
				9A611BDA23116FBE002B3559 /* Release */,
			);
			defaultConfigurationIsVisible = 0;
			defaultConfigurationName = Release;
		};
		9A611BDB23116FBE002B3559 /* Build configuration list for PBXNativeTarget "Weather" */ = {
			isa = XCConfigurationList;
			buildConfigurations = (
				9A611BDC23116FBE002B3559 /* Debug */,
				9A611BDD23116FBE002B3559 /* Release */,
			);
			defaultConfigurationIsVisible = 0;
			defaultConfigurationName = Release;
		};
/* End XCConfigurationList section */
	};
	rootObject = 9A611BC123116FB7002B3559 /* Project object */;
}
